
Microsoft Visual Studio Solution File, Format Version 12.00
# Visual Studio Version 17
VisualStudioVersion = 17.11.35327.3
MinimumVisualStudioVersion = 10.0.40219.1
Project("{FAE04EC0-301F-11D3-BF4B-00C04F79EFBC}") = "Chapter03-16", "Chapter03-16\Chapter03-16.csproj", "{45FC5190-6739-4DEC-9302-297A2EE878EA}"
EndProject
Global
	GlobalSection(SolutionConfigurationPlatforms) = preSolution
		Debug|Any CPU = Debug|Any CPU
		Release|Any CPU = Release|Any CPU
	EndGlobalSection
	GlobalSection(ProjectConfigurationPlatforms) = postSolution
		{45FC5190-6739-4DEC-9302-297A2EE878EA}.Debug|Any CPU.ActiveCfg = Debug|Any CPU
		{45FC5190-6739-4DEC-9302-297A2EE878EA}.Debug|Any CPU.Build.0 = Debug|Any CPU
		{45FC5190-6739-4DEC-9302-297A2EE878EA}.Release|Any CPU.ActiveCfg = Release|Any CPU
		{45FC5190-6739-4DEC-9302-297A2EE878EA}.Release|Any CPU.Build.0 = Release|Any CPU
	EndGlobalSection
	GlobalSection(SolutionProperties) = preSolution
		HideSolutionNode = FALSE
	EndGlobalSection
	GlobalSection(ExtensibilityGlobals) = postSolution
		SolutionGuid = {47342795-DA1A-4B36-BA44-BA6627E2F4C4}
	EndGlobalSection
EndGlobal
